
Microsoft Visual Studio Solution File, Format Version 12.00
# Visual Studio Version 17
VisualStudioVersion = 17.0.32112.339
MinimumVisualStudioVersion = 10.0.40219.1
Project("{FAE04EC0-301F-11D3-BF4B-00C04F79EFBC}") = "LB", "LB\LB.csproj", "{D32585F6-5FA5-4D5B-8195-D1D5F677288B}"
EndProject
Global
	GlobalSection(SolutionConfigurationPlatforms) = preSolution
		Debug|Any CPU = Debug|Any CPU
		Release|Any CPU = Release|Any CPU
	EndGlobalSection
	GlobalSection(ProjectConfigurationPlatforms) = postSolution
		{D32585F6-5FA5-4D5B-8195-D1D5F677288B}.Debug|Any CPU.ActiveCfg = Debug|Any CPU
		{D32585F6-5FA5-4D5B-8195-D1D5F677288B}.Debug|Any CPU.Build.0 = Debug|Any CPU
		{D32585F6-5FA5-4D5B-8195-D1D5F677288B}.Release|Any CPU.ActiveCfg = Release|Any CPU
		{D32585F6-5FA5-4D5B-8195-D1D5F677288B}.Release|Any CPU.Build.0 = Release|Any CPU
	EndGlobalSection
	GlobalSection(SolutionProperties) = preSolution
		HideSolutionNode = FALSE
	EndGlobalSection
	GlobalSection(ExtensibilityGlobals) = postSolution
		SolutionGuid = {E8ACD5D1-9543-4830-9388-86271292BD09}
	EndGlobalSection
EndGlobal
